
Microsoft Visual Studio Solution File, Format Version 12.00
# Visual Studio Version 17
VisualStudioVersion = 17.0.31903.59
MinimumVisualStudioVersion = 10.0.40219.1
Project("{8BC9CEB8-8B4A-11D0-8D11-00A0C91BC942}") = "ArcGUI", "ArcGUI.vcxproj", "{0D5387CD-A338-44E8-A844-7276C0C4375C}"
EndProject
Global
	GlobalSection(SolutionConfigurationPlatforms) = preSolution
		Debug|x64 = Debug|x64
		Debug|x86 = Debug|x86
		Release|x64 = Release|x64
		Release|x86 = Release|x86
	EndGlobalSection
	GlobalSection(ProjectConfigurationPlatforms) = postSolution
		{0D5387CD-A338-44E8-A844-7276C0C4375C}.Debug|x64.ActiveCfg = Debug|x64
		{0D5387CD-A338-44E8-A844-7276C0C4375C}.Debug|x64.Build.0 = Debug|x64
		{0D5387CD-A338-44E8-A844-7276C0C4375C}.Debug|x86.ActiveCfg = Debug|Win32
		{0D5387CD-A338-44E8-A844-7276C0C4375C}.Debug|x86.Build.0 = Debug|Win32
		{0D5387CD-A338-44E8-A844-7276C0C4375C}.Release|x64.ActiveCfg = Release|x64
		{0D5387CD-A338-44E8-A844-7276C0C4375C}.Release|x64.Build.0 = Release|x64
		{0D5387CD-A338-44E8-A844-7276C0C4375C}.Release|x86.ActiveCfg = Release|Win32
		{0D5387CD-A338-44E8-A844-7276C0C4375C}.Release|x86.Build.0 = Release|Win32
	EndGlobalSection
	GlobalSection(SolutionProperties) = preSolution
		HideSolutionNode = FALSE
	EndGlobalSection
	GlobalSection(ExtensibilityGlobals) = postSolution
		SolutionGuid = {4CBD8D1E-6BD3-4946-BD75-15A7FF515847}
	EndGlobalSection
EndGlobal
