<?xml version="1.0" encoding="utf-8"?>
<Project ToolsVersion="4.0" xmlns="http://schemas.microsoft.com/developer/msbuild/2003">
  <ItemGroup>
    <Filter Include="Source Files">
      <UniqueIdentifier>{4FC737F1-C7A5-4376-A066-2A32D752A2FF}</UniqueIdentifier>
      <Extensions>cpp;c;cc;cxx;c++;cppm;ixx;def;odl;idl;hpj;bat;asm;asmx</Extensions>
    </Filter>
    <Filter Include="Header Files">
      <UniqueIdentifier>{93995380-89BD-4b04-88EB-625FBE52EBFB}</UniqueIdentifier>
      <Extensions>h;hh;hpp;hxx;h++;hm;inl;inc;ipp;xsd</Extensions>
    </Filter>
    <Filter Include="Resource Files">
      <UniqueIdentifier>{67DA6AB6-F800-4c08-8B7A-83BB121AAD01}</UniqueIdentifier>
      <Extensions>rc;ico;cur;bmp;dlg;rc2;rct;bin;rgs;gif;jpg;jpeg;jpe;resx;tiff;tif;png;wav;mfcribbon-ms</Extensions>
    </Filter>
    <Filter Include="Header Files\hwinfo">
      <UniqueIdentifier>{f082472d-fbe0-4861-a394-5f4c3493dbe1}</UniqueIdentifier>
    </Filter>
    <Filter Include="Header Files\hwinfo\utils">
      <UniqueIdentifier>{16a13fc4-73a7-422a-aed6-b1c308ddbbf9}</UniqueIdentifier>
    </Filter>
    <Filter Include="Source Files\hwinfo">
      <UniqueIdentifier>{9a685d0e-19c1-4ac9-9ed7-974eadd1449c}</UniqueIdentifier>
    </Filter>
  </ItemGroup>
  <ItemGroup>
    <ClInclude Include="ArcGUI.h">
      <Filter>Header Files</Filter>
    </ClInclude>
    <ClInclude Include="ArcGUIDlg.h">
      <Filter>Header Files</Filter>
    </ClInclude>
    <ClInclude Include="framework.h">
      <Filter>Header Files</Filter>
    </ClInclude>
    <ClInclude Include="targetver.h">
      <Filter>Header Files</Filter>
    </ClInclude>
    <ClInclude Include="Resource.h">
      <Filter>Header Files</Filter>
    </ClInclude>
    <ClInclude Include="pch.h">
      <Filter>Header Files</Filter>
    </ClInclude>
    <ClInclude Include="Item1.h">
      <Filter>Header Files</Filter>
    </ClInclude>
    <ClInclude Include="Item2.h">
      <Filter>Header Files</Filter>
    </ClInclude>
    <ClInclude Include="Item3.h">
      <Filter>Header Files</Filter>
    </ClInclude>
    <ClInclude Include="Item4.h">
      <Filter>Header Files</Filter>
    </ClInclude>
    <ClInclude Include="Item5.h">
      <Filter>Header Files</Filter>
    </ClInclude>
    <ClInclude Include="ArcGUIPropSheelDlg.h">
      <Filter>Header Files</Filter>
    </ClInclude>
    <ClInclude Include="hwinfo\battery.h">
      <Filter>Header Files\hwinfo</Filter>
    </ClInclude>
    <ClInclude Include="hwinfo\cpu.h">
      <Filter>Header Files\hwinfo</Filter>
    </ClInclude>
    <ClInclude Include="hwinfo\cpuid.h">
      <Filter>Header Files\hwinfo</Filter>
    </ClInclude>
    <ClInclude Include="hwinfo\disk.h">
      <Filter>Header Files\hwinfo</Filter>
    </ClInclude>
    <ClInclude Include="hwinfo\gpu.h">
      <Filter>Header Files\hwinfo</Filter>
    </ClInclude>
    <ClInclude Include="hwinfo\hwinfo.h">
      <Filter>Header Files\hwinfo</Filter>
    </ClInclude>
    <ClInclude Include="hwinfo\mainboard.h">
      <Filter>Header Files\hwinfo</Filter>
    </ClInclude>
    <ClInclude Include="hwinfo\os.h">
      <Filter>Header Files\hwinfo</Filter>
    </ClInclude>
    <ClInclude Include="hwinfo\platform.h">
      <Filter>Header Files\hwinfo</Filter>
    </ClInclude>
    <ClInclude Include="hwinfo\ram.h">
      <Filter>Header Files\hwinfo</Filter>
    </ClInclude>
    <ClInclude Include="hwinfo\system.h">
      <Filter>Header Files\hwinfo</Filter>
    </ClInclude>
    <ClInclude Include="hwinfo\WMIwrapper.h">
      <Filter>Header Files\hwinfo</Filter>
    </ClInclude>
    <ClInclude Include="hwinfo\utils\stringutils.h">
      <Filter>Header Files\hwinfo\utils</Filter>
    </ClInclude>
    <ClInclude Include="hwinfo\utils\subprocess.h">
      <Filter>Header Files\hwinfo\utils</Filter>
    </ClInclude>
    <ClInclude Include="HardwareInfo.h">
      <Filter>Header Files</Filter>
    </ClInclude>
    <ClInclude Include="CTAB1.h">
      <Filter>Header Files</Filter>
    </ClInclude>
    <ClInclude Include="CTAB2.h">
      <Filter>Header Files</Filter>
    </ClInclude>
    <ClInclude Include="CTAB3.h">
      <Filter>Header Files</Filter>
    </ClInclude>
    <ClInclude Include="CTAB4.h">
      <Filter>Header Files</Filter>
    </ClInclude>
    <ClInclude Include="Item6.h">
      <Filter>Header Files</Filter>
    </ClInclude>
  </ItemGroup>
  <ItemGroup>
    <ClCompile Include="ArcGUI.cpp">
      <Filter>Source Files</Filter>
    </ClCompile>
    <ClCompile Include="ArcGUIDlg.cpp">
      <Filter>Source Files</Filter>
    </ClCompile>
    <ClCompile Include="pch.cpp">
      <Filter>Source Files</Filter>
    </ClCompile>
    <ClCompile Include="Item1.cpp">
      <Filter>Source Files</Filter>
    </ClCompile>
    <ClCompile Include="Item2.cpp">
      <Filter>Source Files</Filter>
    </ClCompile>
    <ClCompile Include="Item3.cpp">
      <Filter>Source Files</Filter>
    </ClCompile>
    <ClCompile Include="Item4.cpp">
      <Filter>Source Files</Filter>
    </ClCompile>
    <ClCompile Include="Item5.cpp">
      <Filter>Source Files</Filter>
    </ClCompile>
    <ClCompile Include="ArcGUIPropSheelDlg.cpp">
      <Filter>Source Files</Filter>
    </ClCompile>
    <ClCompile Include="HardwareInfo.cpp">
      <Filter>Source Files</Filter>
    </ClCompile>
    <ClCompile Include="hwinfo\battery.cpp">
      <Filter>Source Files\hwinfo</Filter>
    </ClCompile>
    <ClCompile Include="hwinfo\cpu.cpp">
      <Filter>Source Files\hwinfo</Filter>
    </ClCompile>
    <ClCompile Include="hwinfo\disk.cpp">
      <Filter>Source Files\hwinfo</Filter>
    </ClCompile>
    <ClCompile Include="hwinfo\gpu.cpp">
      <Filter>Source Files\hwinfo</Filter>
    </ClCompile>
    <ClCompile Include="hwinfo\mainboard.cpp">
      <Filter>Source Files\hwinfo</Filter>
    </ClCompile>
    <ClCompile Include="hwinfo\os.cpp">
      <Filter>Source Files\hwinfo</Filter>
    </ClCompile>
    <ClCompile Include="hwinfo\ram.cpp">
      <Filter>Source Files\hwinfo</Filter>
    </ClCompile>
    <ClCompile Include="CTAB1.cpp">
      <Filter>Source Files</Filter>
    </ClCompile>
    <ClCompile Include="CTAB2.cpp">
      <Filter>Source Files</Filter>
    </ClCompile>
    <ClCompile Include="CTAB3.cpp">
      <Filter>Source Files</Filter>
    </ClCompile>
    <ClCompile Include="CTAB4.cpp">
      <Filter>Source Files</Filter>
    </ClCompile>
    <ClCompile Include="Item6.cpp">
      <Filter>Source Files</Filter>
    </ClCompile>
  </ItemGroup>
  <ItemGroup>
    <ResourceCompile Include="ArcGUI.rc">
      <Filter>Resource Files</Filter>
    </ResourceCompile>
  </ItemGroup>
  <ItemGroup>
    <None Include="res\ArcGUI.rc2">
      <Filter>Resource Files</Filter>
    </None>
  </ItemGroup>
  <ItemGroup>
    <Image Include="res\ArcGUI.ico">
      <Filter>Resource Files</Filter>
    </Image>
    <Image Include="res\LogoKapalya.png">
      <Filter>Resource Files</Filter>
    </Image>
    <Image Include="res\LogoKapalya.bmp">
      <Filter>Resource Files</Filter>
    </Image>
  </ItemGroup>
</Project>